
Microsoft Visual Studio Solution File, Format Version 12.00
# Visual Studio Version 17
VisualStudioVersion = 17.14.36414.22 d17.14
MinimumVisualStudioVersion = 10.0.40219.1
Project("{FAE04EC0-301F-11D3-BF4B-00C04F79EFBC}") = "GSRP", "GSRP.csproj", "{DB3272B2-F663-FF94-8D0A-A83882CAFC03}"
EndProject
Global
	GlobalSection(SolutionConfigurationPlatforms) = preSolution
		Debug|Any CPU = Debug|Any CPU
		Release|Any CPU = Release|Any CPU
	EndGlobalSection
	GlobalSection(ProjectConfigurationPlatforms) = postSolution
		{DB3272B2-F663-FF94-8D0A-A83882CAFC03}.Debug|Any CPU.ActiveCfg = Debug|Any CPU
		{DB3272B2-F663-FF94-8D0A-A83882CAFC03}.Debug|Any CPU.Build.0 = Debug|Any CPU
		{DB3272B2-F663-FF94-8D0A-A83882CAFC03}.Release|Any CPU.ActiveCfg = Release|Any CPU
		{DB3272B2-F663-FF94-8D0A-A83882CAFC03}.Release|Any CPU.Build.0 = Release|Any CPU
	EndGlobalSection
	GlobalSection(SolutionProperties) = preSolution
		HideSolutionNode = FALSE
	EndGlobalSection
	GlobalSection(ExtensibilityGlobals) = postSolution
		SolutionGuid = {CE52A5B8-32AC-4414-AAAE-B8D2280FD49B}
	EndGlobalSection
EndGlobal
